
Microsoft Visual Studio Solution File, Format Version 12.00
# Visual Studio Version 17
VisualStudioVersion = 17.2.32519.379
MinimumVisualStudioVersion = 10.0.40219.1
Project("{FAE04EC0-301F-11D3-BF4B-00C04F79EFBC}") = "pryPonssaSP1H3.2", "pryPonssaSP1H3.2.csproj", "{7EC8989D-B1D3-4263-9AC6-62B7BCE8C706}"
EndProject
Global
	GlobalSection(SolutionConfigurationPlatforms) = preSolution
		Debug|Any CPU = Debug|Any CPU
		Release|Any CPU = Release|Any CPU
	EndGlobalSection
	GlobalSection(ProjectConfigurationPlatforms) = postSolution
		{7EC8989D-B1D3-4263-9AC6-62B7BCE8C706}.Debug|Any CPU.ActiveCfg = Debug|Any CPU
		{7EC8989D-B1D3-4263-9AC6-62B7BCE8C706}.Debug|Any CPU.Build.0 = Debug|Any CPU
		{7EC8989D-B1D3-4263-9AC6-62B7BCE8C706}.Release|Any CPU.ActiveCfg = Release|Any CPU
		{7EC8989D-B1D3-4263-9AC6-62B7BCE8C706}.Release|Any CPU.Build.0 = Release|Any CPU
	EndGlobalSection
	GlobalSection(SolutionProperties) = preSolution
		HideSolutionNode = FALSE
	EndGlobalSection
	GlobalSection(ExtensibilityGlobals) = postSolution
		SolutionGuid = {2FA1B7E8-662F-4758-A4CC-EEF63DCA973D}
	EndGlobalSection
EndGlobal
